
Microsoft Visual Studio Solution File, Format Version 12.00
# Visual Studio Version 16
VisualStudioVersion = 16.0.30204.135
MinimumVisualStudioVersion = 10.0.40219.1
Project("{9A19103F-16F7-4668-BE54-9A1E7A4F7556}") = "WarwickWordCount", "WarwickWordCount\WarwickWordCount.csproj", "{86BE0209-47A9-46A9-99AA-49C9AB61587F}"
EndProject
Project("{FAE04EC0-301F-11D3-BF4B-00C04F79EFBC}") = "WarwickWordCountTests", "WarwickWordCountTests\WarwickWordCountTests.csproj", "{3DF696EE-CAC3-4A76-9096-0CE0F7CC26C7}"
EndProject
Global
	GlobalSection(SolutionConfigurationPlatforms) = preSolution
		Debug|Any CPU = Debug|Any CPU
		Release|Any CPU = Release|Any CPU
	EndGlobalSection
	GlobalSection(ProjectConfigurationPlatforms) = postSolution
		{86BE0209-47A9-46A9-99AA-49C9AB61587F}.Debug|Any CPU.ActiveCfg = Debug|Any CPU
		{86BE0209-47A9-46A9-99AA-49C9AB61587F}.Debug|Any CPU.Build.0 = Debug|Any CPU
		{86BE0209-47A9-46A9-99AA-49C9AB61587F}.Release|Any CPU.ActiveCfg = Release|Any CPU
		{86BE0209-47A9-46A9-99AA-49C9AB61587F}.Release|Any CPU.Build.0 = Release|Any CPU
		{3DF696EE-CAC3-4A76-9096-0CE0F7CC26C7}.Debug|Any CPU.ActiveCfg = Debug|Any CPU
		{3DF696EE-CAC3-4A76-9096-0CE0F7CC26C7}.Debug|Any CPU.Build.0 = Debug|Any CPU
		{3DF696EE-CAC3-4A76-9096-0CE0F7CC26C7}.Release|Any CPU.ActiveCfg = Release|Any CPU
		{3DF696EE-CAC3-4A76-9096-0CE0F7CC26C7}.Release|Any CPU.Build.0 = Release|Any CPU
	EndGlobalSection
	GlobalSection(SolutionProperties) = preSolution
		HideSolutionNode = FALSE
	EndGlobalSection
	GlobalSection(ExtensibilityGlobals) = postSolution
		SolutionGuid = {24DE9630-06D1-4B50-979B-846626BF7D11}
	EndGlobalSection
EndGlobal
